// !$*UTF8*$!
{
	archiveVersion = 1;
	classes = {
	};
	objectVersion = 50;
	objects = {

/* Begin PBXBuildFile section */
		5FA9C1DE25E47CAC00480E95 /* Tests_iOS.swift in Sources */ = {isa = PBXBuildFile; fileRef = 5FA9C1DD25E47CAC00480E95 /* Tests_iOS.swift */; };
		5FA9C1E925E47CAC00480E95 /* Tests_macOS.swift in Sources */ = {isa = PBXBuildFile; fileRef = 5FA9C1E825E47CAC00480E95 /* Tests_macOS.swift */; };
		5FA9C1EB25E47CAC00480E95 /* testApp.swift in Sources */ = {isa = PBXBuildFile; fileRef = 5FA9C1C225E47CAA00480E95 /* testApp.swift */; };
		5FA9C1EC25E47CAC00480E95 /* testApp.swift in Sources */ = {isa = PBXBuildFile; fileRef = 5FA9C1C225E47CAA00480E95 /* testApp.swift */; };
		5FA9C1ED25E47CAC00480E95 /* ContentView.swift in Sources */ = {isa = PBXBuildFile; fileRef = 5FA9C1C325E47CAA00480E95 /* ContentView.swift */; };
		5FA9C1EE25E47CAC00480E95 /* ContentView.swift in Sources */ = {isa = PBXBuildFile; fileRef = 5FA9C1C325E47CAA00480E95 /* ContentView.swift */; };
		5FA9C1EF25E47CAC00480E95 /* Assets.xcassets in Resources */ = {isa = PBXBuildFile; fileRef = 5FA9C1C425E47CAC00480E95 /* Assets.xcassets */; };
		5FA9C1F025E47CAC00480E95 /* Assets.xcassets in Resources */ = {isa = PBXBuildFile; fileRef = 5FA9C1C425E47CAC00480E95 /* Assets.xcassets */; };
/* End PBXBuildFile section */

/* Begin PBXContainerItemProxy section */
		5FA9C1DA25E47CAC00480E95 /* PBXContainerItemProxy */ = {
			isa = PBXContainerItemProxy;
			containerPortal = 5FA9C1BD25E47CA900480E95 /* Project object */;
			proxyType = 1;
			remoteGlobalIDString = 5FA9C1C825E47CAC00480E95;
			remoteInfo = "test (iOS)";
		};
		5FA9C1E525E47CAC00480E95 /* PBXContainerItemProxy */ = {
			isa = PBXContainerItemProxy;
			containerPortal = 5FA9C1BD25E47CA900480E95 /* Project object */;
			proxyType = 1;
			remoteGlobalIDString = 5FA9C1D025E47CAC00480E95;
			remoteInfo = "test (macOS)";
		};
/* End PBXContainerItemProxy section */

/* Begin PBXFileReference section */
		5FA9C1C225E47CAA00480E95 /* testApp.swift */ = {isa = PBXFileReference; lastKnownFileType = sourcecode.swift; path = testApp.swift; sourceTree = "<group>"; };
		5FA9C1C325E47CAA00480E95 /* ContentView.swift */ = {isa = PBXFileReference; lastKnownFileType = sourcecode.swift; path = ContentView.swift; sourceTree = "<group>"; };
		5FA9C1C425E47CAC00480E95 /* Assets.xcassets */ = {isa = PBXFileReference; lastKnownFileType = folder.assetcatalog; path = Assets.xcassets; sourceTree = "<group>"; };
		5FA9C1C925E47CAC00480E95 /* test.app */ = {isa = PBXFileReference; explicitFileType = wrapper.application; includeInIndex = 0; path = test.app; sourceTree = BUILT_PRODUCTS_DIR; };
		5FA9C1CC25E47CAC00480E95 /* Info.plist */ = {isa = PBXFileReference; lastKnownFileType = text.plist.xml; path = Info.plist; sourceTree = "<group>"; };
		5FA9C1D125E47CAC00480E95 /* test.app */ = {isa = PBXFileReference; explicitFileType = wrapper.application; includeInIndex = 0; path = test.app; sourceTree = BUILT_PRODUCTS_DIR; };
		5FA9C1D325E47CAC00480E95 /* Info.plist */ = {isa = PBXFileReference; lastKnownFileType = text.plist.xml; path = Info.plist; sourceTree = "<group>"; };
		5FA9C1D425E47CAC00480E95 /* macOS.entitlements */ = {isa = PBXFileReference; lastKnownFileType = text.plist.entitlements; path = macOS.entitlements; sourceTree = "<group>"; };
		5FA9C1D925E47CAC00480E95 /* Tests iOS.xctest */ = {isa = PBXFileReference; explicitFileType = wrapper.cfbundle; includeInIndex = 0; path = "Tests iOS.xctest"; sourceTree = BUILT_PRODUCTS_DIR; };
		5FA9C1DD25E47CAC00480E95 /* Tests_iOS.swift */ = {isa = PBXFileReference; lastKnownFileType = sourcecode.swift; path = Tests_iOS.swift; sourceTree = "<group>"; };
		5FA9C1DF25E47CAC00480E95 /* Info.plist */ = {isa = PBXFileReference; lastKnownFileType = text.plist.xml; path = Info.plist; sourceTree = "<group>"; };
		5FA9C1E425E47CAC00480E95 /* Tests macOS.xctest */ = {isa = PBXFileReference; explicitFileType = wrapper.cfbundle; includeInIndex = 0; path = "Tests macOS.xctest"; sourceTree = BUILT_PRODUCTS_DIR; };
		5FA9C1E825E47CAC00480E95 /* Tests_macOS.swift */ = {isa = PBXFileReference; lastKnownFileType = sourcecode.swift; path = Tests_macOS.swift; sourceTree = "<group>"; };
		5FA9C1EA25E47CAC00480E95 /* Info.plist */ = {isa = PBXFileReference; lastKnownFileType = text.plist.xml; path = Info.plist; sourceTree = "<group>"; };
/* End PBXFileReference section */

/* Begin PBXFrameworksBuildPhase section */
		5FA9C1C625E47CAC00480E95 /* Frameworks */ = {
			isa = PBXFrameworksBuildPhase;
			buildActionMask = 2147483647;
			files = (
			);
			runOnlyForDeploymentPostprocessing = 0;
		};
		5FA9C1CE25E47CAC00480E95 /* Frameworks */ = {
			isa = PBXFrameworksBuildPhase;
			buildActionMask = 2147483647;
			files = (
			);
			runOnlyForDeploymentPostprocessing = 0;
		};
		5FA9C1D625E47CAC00480E95 /* Frameworks */ = {
			isa = PBXFrameworksBuildPhase;
			buildActionMask = 2147483647;
			files = (
			);
			runOnlyForDeploymentPostprocessing = 0;
		};
		5FA9C1E125E47CAC00480E95 /* Frameworks */ = {
			isa = PBXFrameworksBuildPhase;
			buildActionMask = 2147483647;
			files = (
			);
			runOnlyForDeploymentPostprocessing = 0;
		};
/* End PBXFrameworksBuildPhase section */

/* Begin PBXGroup section */
		5FA9C1BC25E47CA900480E95 = {
			isa = PBXGroup;
			children = (
				5FA9C1C125E47CAA00480E95 /* Shared */,
				5FA9C1CB25E47CAC00480E95 /* iOS */,
				5FA9C1D225E47CAC00480E95 /* macOS */,
				5FA9C1DC25E47CAC00480E95 /* Tests iOS */,
				5FA9C1E725E47CAC00480E95 /* Tests macOS */,
				5FA9C1CA25E47CAC00480E95 /* Products */,
			);
			sourceTree = "<group>";
		};
		5FA9C1C125E47CAA00480E95 /* Shared */ = {
			isa = PBXGroup;
			children = (
				5FA9C1C225E47CAA00480E95 /* testApp.swift */,
				5FA9C1C325E47CAA00480E95 /* ContentView.swift */,
				5FA9C1C425E47CAC00480E95 /* Assets.xcassets */,
			);
			path = Shared;
			sourceTree = "<group>";
		};
		5FA9C1CA25E47CAC00480E95 /* Products */ = {
			isa = PBXGroup;
			children = (
				5FA9C1C925E47CAC00480E95 /* test.app */,
				5FA9C1D125E47CAC00480E95 /* test.app */,
				5FA9C1D925E47CAC00480E95 /* Tests iOS.xctest */,
				5FA9C1E425E47CAC00480E95 /* Tests macOS.xctest */,
			);
			name = Products;
			sourceTree = "<group>";
		};
		5FA9C1CB25E47CAC00480E95 /* iOS */ = {
			isa = PBXGroup;
			children = (
				5FA9C1CC25E47CAC00480E95 /* Info.plist */,
			);
			path = iOS;
			sourceTree = "<group>";
		};
		5FA9C1D225E47CAC00480E95 /* macOS */ = {
			isa = PBXGroup;
			children = (
				5FA9C1D325E47CAC00480E95 /* Info.plist */,
				5FA9C1D425E47CAC00480E95 /* macOS.entitlements */,
			);
			path = macOS;
			sourceTree = "<group>";
		};
		5FA9C1DC25E47CAC00480E95 /* Tests iOS */ = {
			isa = PBXGroup;
			children = (
				5FA9C1DD25E47CAC00480E95 /* Tests_iOS.swift */,
				5FA9C1DF25E47CAC00480E95 /* Info.plist */,
			);
			path = "Tests iOS";
			sourceTree = "<group>";
		};
		5FA9C1E725E47CAC00480E95 /* Tests macOS */ = {
			isa = PBXGroup;
			children = (
				5FA9C1E825E47CAC00480E95 /* Tests_macOS.swift */,
				5FA9C1EA25E47CAC00480E95 /* Info.plist */,
			);
			path = "Tests macOS";
			sourceTree = "<group>";
		};
/* End PBXGroup section */

/* Begin PBXNativeTarget section */
		5FA9C1C825E47CAC00480E95 /* test (iOS) */ = {
			isa = PBXNativeTarget;
			buildConfigurationList = 5FA9C1F325E47CAC00480E95 /* Build configuration list for PBXNativeTarget "test (iOS)" */;
			buildPhases = (
				5FA9C1C525E47CAC00480E95 /* Sources */,
				5FA9C1C625E47CAC00480E95 /* Frameworks */,
				5FA9C1C725E47CAC00480E95 /* Resources */,
			);
			buildRules = (
			);
			dependencies = (
			);
			name = "test (iOS)";
			productName = "test (iOS)";
			productReference = 5FA9C1C925E47CAC00480E95 /* test.app */;
			productType = "com.apple.product-type.application";
		};
		5FA9C1D025E47CAC00480E95 /* test (macOS) */ = {
			isa = PBXNativeTarget;
			buildConfigurationList = 5FA9C1F625E47CAC00480E95 /* Build configuration list for PBXNativeTarget "test (macOS)" */;
			buildPhases = (
				5FA9C1CD25E47CAC00480E95 /* Sources */,
				5FA9C1CE25E47CAC00480E95 /* Frameworks */,
				5FA9C1CF25E47CAC00480E95 /* Resources */,
			);
			buildRules = (
			);
			dependencies = (
			);
			name = "test (macOS)";
			productName = "test (macOS)";
			productReference = 5FA9C1D125E47CAC00480E95 /* test.app */;
			productType = "com.apple.product-type.application";
		};
		5FA9C1D825E47CAC00480E95 /* Tests iOS */ = {
			isa = PBXNativeTarget;
			buildConfigurationList = 5FA9C1F925E47CAC00480E95 /* Build configuration list for PBXNativeTarget "Tests iOS" */;
			buildPhases = (
				5FA9C1D525E47CAC00480E95 /* Sources */,
				5FA9C1D625E47CAC00480E95 /* Frameworks */,
				5FA9C1D725E47CAC00480E95 /* Resources */,
			);
			buildRules = (
			);
			dependencies = (
				5FA9C1DB25E47CAC00480E95 /* PBXTargetDependency */,
			);
			name = "Tests iOS";
			productName = "Tests iOS";
			productReference = 5FA9C1D925E47CAC00480E95 /* Tests iOS.xctest */;
			productType = "com.apple.product-type.bundle.ui-testing";
		};
		5FA9C1E325E47CAC00480E95 /* Tests macOS */ = {
			isa = PBXNativeTarget;
			buildConfigurationList = 5FA9C1FC25E47CAC00480E95 /* Build configuration list for PBXNativeTarget "Tests macOS" */;
			buildPhases = (
				5FA9C1E025E47CAC00480E95 /* Sources */,
				5FA9C1E125E47CAC00480E95 /* Frameworks */,
				5FA9C1E225E47CAC00480E95 /* Resources */,
			);
			buildRules = (
			);
			dependencies = (
				5FA9C1E625E47CAC00480E95 /* PBXTargetDependency */,
			);
			name = "Tests macOS";
			productName = "Tests macOS";
			productReference = 5FA9C1E425E47CAC00480E95 /* Tests macOS.xctest */;
			productType = "com.apple.product-type.bundle.ui-testing";
		};
/* End PBXNativeTarget section */

/* Begin PBXProject section */
		5FA9C1BD25E47CA900480E95 /* Project object */ = {
			isa = PBXProject;
			attributes = {
				LastSwiftUpdateCheck = 1240;
				LastUpgradeCheck = 1240;
				TargetAttributes = {
					5FA9C1C825E47CAC00480E95 = {
						CreatedOnToolsVersion = 12.4;
					};
					5FA9C1D025E47CAC00480E95 = {
						CreatedOnToolsVersion = 12.4;
					};
					5FA9C1D825E47CAC00480E95 = {
						CreatedOnToolsVersion = 12.4;
						TestTargetID = 5FA9C1C825E47CAC00480E95;
					};
					5FA9C1E325E47CAC00480E95 = {
						CreatedOnToolsVersion = 12.4;
						TestTargetID = 5FA9C1D025E47CAC00480E95;
					};
				};
			};
			buildConfigurationList = 5FA9C1C025E47CAA00480E95 /* Build configuration list for PBXProject "test" */;
			compatibilityVersion = "Xcode 9.3";
			developmentRegion = en;
			hasScannedForEncodings = 0;
			knownRegions = (
				en,
				Base,
			);
			mainGroup = 5FA9C1BC25E47CA900480E95;
			productRefGroup = 5FA9C1CA25E47CAC00480E95 /* Products */;
			projectDirPath = "";
			projectRoot = "";
			targets = (
				5FA9C1C825E47CAC00480E95 /* test (iOS) */,
				5FA9C1D025E47CAC00480E95 /* test (macOS) */,
				5FA9C1D825E47CAC00480E95 /* Tests iOS */,
				5FA9C1E325E47CAC00480E95 /* Tests macOS */,
			);
		};
/* End PBXProject section */

/* Begin PBXResourcesBuildPhase section */
		5FA9C1C725E47CAC00480E95 /* Resources */ = {
			isa = PBXResourcesBuildPhase;
			buildActionMask = 2147483647;
			files = (
				5FA9C1EF25E47CAC00480E95 /* Assets.xcassets in Resources */,
			);
			runOnlyForDeploymentPostprocessing = 0;
		};
		5FA9C1CF25E47CAC00480E95 /* Resources */ = {
			isa = PBXResourcesBuildPhase;
			buildActionMask = 2147483647;
			files = (
				5FA9C1F025E47CAC00480E95 /* Assets.xcassets in Resources */,
			);
			runOnlyForDeploymentPostprocessing = 0;
		};
		5FA9C1D725E47CAC00480E95 /* Resources */ = {
			isa = PBXResourcesBuildPhase;
			buildActionMask = 2147483647;
			files = (
			);
			runOnlyForDeploymentPostprocessing = 0;
		};
		5FA9C1E225E47CAC00480E95 /* Resources */ = {
			isa = PBXResourcesBuildPhase;
			buildActionMask = 2147483647;
			files = (
			);
			runOnlyForDeploymentPostprocessing = 0;
		};
/* End PBXResourcesBuildPhase section */

/* Begin PBXSourcesBuildPhase section */
		5FA9C1C525E47CAC00480E95 /* Sources */ = {
			isa = PBXSourcesBuildPhase;
			buildActionMask = 2147483647;
			files = (
				5FA9C1ED25E47CAC00480E95 /* ContentView.swift in Sources */,
				5FA9C1EB25E47CAC00480E95 /* testApp.swift in Sources */,
			);
			runOnlyForDeploymentPostprocessing = 0;
		};
		5FA9C1CD25E47CAC00480E95 /* Sources */ = {
			isa = PBXSourcesBuildPhase;
			buildActionMask = 2147483647;
			files = (
				5FA9C1EE25E47CAC00480E95 /* ContentView.swift in Sources */,
				5FA9C1EC25E47CAC00480E95 /* testApp.swift in Sources */,
			);
			runOnlyForDeploymentPostprocessing = 0;
		};
		5FA9C1D525E47CAC00480E95 /* Sources */ = {
			isa = PBXSourcesBuildPhase;
			buildActionMask = 2147483647;
			files = (
				5FA9C1DE25E47CAC00480E95 /* Tests_iOS.swift in Sources */,
			);
			runOnlyForDeploymentPostprocessing = 0;
		};
		5FA9C1E025E47CAC00480E95 /* Sources */ = {
			isa = PBXSourcesBuildPhase;
			buildActionMask = 2147483647;
			files = (
				5FA9C1E925E47CAC00480E95 /* Tests_macOS.swift in Sources */,
			);
			runOnlyForDeploymentPostprocessing = 0;
		};
/* End PBXSourcesBuildPhase section */

/* Begin PBXTargetDependency section */
		5FA9C1DB25E47CAC00480E95 /* PBXTargetDependency */ = {
			isa = PBXTargetDependency;
			target = 5FA9C1C825E47CAC00480E95 /* test (iOS) */;
			targetProxy = 5FA9C1DA25E47CAC00480E95 /* PBXContainerItemProxy */;
		};
		5FA9C1E625E47CAC00480E95 /* PBXTargetDependency */ = {
			isa = PBXTargetDependency;
			target = 5FA9C1D025E47CAC00480E95 /* test (macOS) */;
			targetProxy = 5FA9C1E525E47CAC00480E95 /* PBXContainerItemProxy */;
		};
/* End PBXTargetDependency section */

/* Begin XCBuildConfiguration section */
		5FA9C1F125E47CAC00480E95 /* Debug */ = {
			isa = XCBuildConfiguration;
			buildSettings = {
				ALWAYS_SEARCH_USER_PATHS = NO;
				CLANG_ANALYZER_NONNULL = YES;
				CLANG_ANALYZER_NUMBER_OBJECT_CONVERSION = YES_AGGRESSIVE;
				CLANG_CXX_LANGUAGE_STANDARD = "gnu++14";
				CLANG_CXX_LIBRARY = "libc++";
				CLANG_ENABLE_MODULES = YES;
				CLANG_ENABLE_OBJC_ARC = YES;
				CLANG_ENABLE_OBJC_WEAK = YES;
				CLANG_WARN_BLOCK_CAPTURE_AUTORELEASING = YES;
				CLANG_WARN_BOOL_CONVERSION = YES;
				CLANG_WARN_COMMA = YES;
				CLANG_WARN_CONSTANT_CONVERSION = YES;
				CLANG_WARN_DEPRECATED_OBJC_IMPLEMENTATIONS = YES;
				CLANG_WARN_DIRECT_OBJC_ISA_USAGE = YES_ERROR;
				CLANG_WARN_DOCUMENTATION_COMMENTS = YES;
				CLANG_WARN_EMPTY_BODY = YES;
				CLANG_WARN_ENUM_CONVERSION = YES;
				CLANG_WARN_INFINITE_RECURSION = YES;
				CLANG_WARN_INT_CONVERSION = YES;
				CLANG_WARN_NON_LITERAL_NULL_CONVERSION = YES;
				CLANG_WARN_OBJC_IMPLICIT_RETAIN_SELF = YES;
				CLANG_WARN_OBJC_LITERAL_CONVERSION = YES;
				CLANG_WARN_OBJC_ROOT_CLASS = YES_ERROR;
				CLANG_WARN_QUOTED_INCLUDE_IN_FRAMEWORK_HEADER = YES;
				CLANG_WARN_RANGE_LOOP_ANALYSIS = YES;
				CLANG_WARN_STRICT_PROTOTYPES = YES;
				CLANG_WARN_SUSPICIOUS_MOVE = YES;
				CLANG_WARN_UNGUARDED_AVAILABILITY = YES_AGGRESSIVE;
				CLANG_WARN_UNREACHABLE_CODE = YES;
				CLANG_WARN__DUPLICATE_METHOD_MATCH = YES;
				COPY_PHASE_STRIP = NO;
				DEBUG_INFORMATION_FORMAT = dwarf;
				ENABLE_STRICT_OBJC_MSGSEND = YES;
				ENABLE_TESTABILITY = YES;
				GCC_C_LANGUAGE_STANDARD = gnu11;
				GCC_DYNAMIC_NO_PIC = NO;
				GCC_NO_COMMON_BLOCKS = YES;
				GCC_OPTIMIZATION_LEVEL = 0;
				GCC_PREPROCESSOR_DEFINITIONS = (
					"DEBUG=1",
					"$(inherited)",
				);
				GCC_WARN_64_TO_32_BIT_CONVERSION = YES;
				GCC_WARN_ABOUT_RETURN_TYPE = YES_ERROR;
				GCC_WARN_UNDECLARED_SELECTOR = YES;
				GCC_WARN_UNINITIALIZED_AUTOS = YES_AGGRESSIVE;
				GCC_WARN_UNUSED_FUNCTION = YES;
				GCC_WARN_UNUSED_VARIABLE = YES;
				MTL_ENABLE_DEBUG_INFO = INCLUDE_SOURCE;
				MTL_FAST_MATH = YES;
				ONLY_ACTIVE_ARCH = YES;
				SWIFT_ACTIVE_COMPILATION_CONDITIONS = DEBUG;
				SWIFT_OPTIMIZATION_LEVEL = "-Onone";
			};
			name = Debug;
		};
		5FA9C1F225E47CAC00480E95 /* Release */ = {
			isa = XCBuildConfiguration;
			buildSettings = {
				ALWAYS_SEARCH_USER_PATHS = NO;
				CLANG_ANALYZER_NONNULL = YES;
				CLANG_ANALYZER_NUMBER_OBJECT_CONVERSION = YES_AGGRESSIVE;
				CLANG_CXX_LANGUAGE_STANDARD = "gnu++14";
				CLANG_CXX_LIBRARY = "libc++";
				CLANG_ENABLE_MODULES = YES;
				CLANG_ENABLE_OBJC_ARC = YES;
				CLANG_ENABLE_OBJC_WEAK = YES;
				CLANG_WARN_BLOCK_CAPTURE_AUTORELEASING = YES;
				CLANG_WARN_BOOL_CONVERSION = YES;
				CLANG_WARN_COMMA = YES;
				CLANG_WARN_CONSTANT_CONVERSION = YES;
				CLANG_WARN_DEPRECATED_OBJC_IMPLEMENTATIONS = YES;
				CLANG_WARN_DIRECT_OBJC_ISA_USAGE = YES_ERROR;
				CLANG_WARN_DOCUMENTATION_COMMENTS = YES;
				CLANG_WARN_EMPTY_BODY = YES;
				CLANG_WARN_ENUM_CONVERSION = YES;
				CLANG_WARN_INFINITE_RECURSION = YES;
				CLANG_WARN_INT_CONVERSION = YES;
				CLANG_WARN_NON_LITERAL_NULL_CONVERSION = YES;
				CLANG_WARN_OBJC_IMPLICIT_RETAIN_SELF = YES;
				CLANG_WARN_OBJC_LITERAL_CONVERSION = YES;
				CLANG_WARN_OBJC_ROOT_CLASS = YES_ERROR;
				CLANG_WARN_QUOTED_INCLUDE_IN_FRAMEWORK_HEADER = YES;
				CLANG_WARN_RANGE_LOOP_ANALYSIS = YES;
				CLANG_WARN_STRICT_PROTOTYPES = YES;
				CLANG_WARN_SUSPICIOUS_MOVE = YES;
				CLANG_WARN_UNGUARDED_AVAILABILITY = YES_AGGRESSIVE;
				CLANG_WARN_UNREACHABLE_CODE = YES;
				CLANG_WARN__DUPLICATE_METHOD_MATCH = YES;
				COPY_PHASE_STRIP = NO;
				DEBUG_INFORMATION_FORMAT = "dwarf-with-dsym";
				ENABLE_NS_ASSERTIONS = NO;
				ENABLE_STRICT_OBJC_MSGSEND = YES;
				GCC_C_LANGUAGE_STANDARD = gnu11;
				GCC_NO_COMMON_BLOCKS = YES;
				GCC_WARN_64_TO_32_BIT_CONVERSION = YES;
				GCC_WARN_ABOUT_RETURN_TYPE = YES_ERROR;
				GCC_WARN_UNDECLARED_SELECTOR = YES;
				GCC_WARN_UNINITIALIZED_AUTOS = YES_AGGRESSIVE;
				GCC_WARN_UNUSED_FUNCTION = YES;
				GCC_WARN_UNUSED_VARIABLE = YES;
				MTL_ENABLE_DEBUG_INFO = NO;
				MTL_FAST_MATH = YES;
				SWIFT_COMPILATION_MODE = wholemodule;
				SWIFT_OPTIMIZATION_LEVEL = "-O";
			};
			name = Release;
		};
		5FA9C1F425E47CAC00480E95 /* Debug */ = {
			isa = XCBuildConfiguration;
			buildSettings = {
				ASSETCATALOG_COMPILER_APPICON_NAME = AppIcon;
				ASSETCATALOG_COMPILER_GLOBAL_ACCENT_COLOR_NAME = AccentColor;
				CODE_SIGN_STYLE = Automatic;
				ENABLE_PREVIEWS = YES;
				INFOPLIST_FILE = iOS/Info.plist;
				IPHONEOS_DEPLOYMENT_TARGET = 14.0;
				LD_RUNPATH_SEARCH_PATHS = (
					"$(inherited)",
					"@executable_path/Frameworks",
				);
				PRODUCT_BUNDLE_IDENTIFIER = ww.test;
				PRODUCT_NAME = test;
				SDKROOT = iphoneos;
				SWIFT_VERSION = 5.0;
				TARGETED_DEVICE_FAMILY = "1,2";
			};
			name = Debug;
		};
		5FA9C1F525E47CAC00480E95 /* Release */ = {
			isa = XCBuildConfiguration;
			buildSettings = {
				ASSETCATALOG_COMPILER_APPICON_NAME = AppIcon;
				ASSETCATALOG_COMPILER_GLOBAL_ACCENT_COLOR_NAME = AccentColor;
				CODE_SIGN_STYLE = Automatic;
				ENABLE_PREVIEWS = YES;
				INFOPLIST_FILE = iOS/Info.plist;
				IPHONEOS_DEPLOYMENT_TARGET = 14.0;
				LD_RUNPATH_SEARCH_PATHS = (
					"$(inherited)",
					"@executable_path/Frameworks",
				);
				PRODUCT_BUNDLE_IDENTIFIER = ww.test;
				PRODUCT_NAME = test;
				SDKROOT = iphoneos;
				SWIFT_VERSION = 5.0;
				TARGETED_DEVICE_FAMILY = "1,2";
				VALIDATE_PRODUCT = YES;
			};
			name = Release;
		};
		5FA9C1F725E47CAC00480E95 /* Debug */ = {
			isa = XCBuildConfiguration;
			buildSettings = {
				ASSETCATALOG_COMPILER_APPICON_NAME = AppIcon;
				ASSETCATALOG_COMPILER_GLOBAL_ACCENT_COLOR_NAME = AccentColor;
				CODE_SIGN_ENTITLEMENTS = macOS/macOS.entitlements;
				CODE_SIGN_STYLE = Automatic;
				COMBINE_HIDPI_IMAGES = YES;
				ENABLE_PREVIEWS = YES;
				INFOPLIST_FILE = macOS/Info.plist;
				LD_RUNPATH_SEARCH_PATHS = (
					"$(inherited)",
					"@executable_path/../Frameworks",
				);
				MACOSX_DEPLOYMENT_TARGET = 11.0;
				PRODUCT_BUNDLE_IDENTIFIER = ww.test;
				PRODUCT_NAME = test;
				SDKROOT = macosx;
				SWIFT_VERSION = 5.0;
			};
			name = Debug;
		};
		5FA9C1F825E47CAC00480E95 /* Release */ = {
			isa = XCBuildConfiguration;
			buildSettings = {
				ASSETCATALOG_COMPILER_APPICON_NAME = AppIcon;
				ASSETCATALOG_COMPILER_GLOBAL_ACCENT_COLOR_NAME = AccentColor;
				CODE_SIGN_ENTITLEMENTS = macOS/macOS.entitlements;
				CODE_SIGN_STYLE = Automatic;
				COMBINE_HIDPI_IMAGES = YES;
				ENABLE_PREVIEWS = YES;
				INFOPLIST_FILE = macOS/Info.plist;
				LD_RUNPATH_SEARCH_PATHS = (
					"$(inherited)",
					"@executable_path/../Frameworks",
				);
				MACOSX_DEPLOYMENT_TARGET = 11.0;
				PRODUCT_BUNDLE_IDENTIFIER = ww.test;
				PRODUCT_NAME = test;
				SDKROOT = macosx;
				SWIFT_VERSION = 5.0;
			};
			name = Release;
		};
		5FA9C1FA25E47CAC00480E95 /* Debug */ = {
			isa = XCBuildConfiguration;
			buildSettings = {
				ALWAYS_EMBED_SWIFT_STANDARD_LIBRARIES = YES;
				CODE_SIGN_STYLE = Automatic;
				INFOPLIST_FILE = "Tests iOS/Info.plist";
				IPHONEOS_DEPLOYMENT_TARGET = 14.4;
				LD_RUNPATH_SEARCH_PATHS = (
					"$(inherited)",
					"@executable_path/Frameworks",
					"@loader_path/Frameworks",
				);
				PRODUCT_BUNDLE_IDENTIFIER = "ww.Tests-iOS";
				PRODUCT_NAME = "$(TARGET_NAME)";
				SDKROOT = iphoneos;
				SWIFT_VERSION = 5.0;
				TARGETED_DEVICE_FAMILY = "1,2";
				TEST_TARGET_NAME = "test (iOS)";
			};
			name = Debug;
		};
		5FA9C1FB25E47CAC00480E95 /* Release */ = {
			isa = XCBuildConfiguration;
			buildSettings = {
				ALWAYS_EMBED_SWIFT_STANDARD_LIBRARIES = YES;
				CODE_SIGN_STYLE = Automatic;
				INFOPLIST_FILE = "Tests iOS/Info.plist";
				IPHONEOS_DEPLOYMENT_TARGET = 14.4;
				LD_RUNPATH_SEARCH_PATHS = (
					"$(inherited)",
					"@executable_path/Frameworks",
					"@loader_path/Frameworks",
				);
				PRODUCT_BUNDLE_IDENTIFIER = "ww.Tests-iOS";
				PRODUCT_NAME = "$(TARGET_NAME)";
				SDKROOT = iphoneos;
				SWIFT_VERSION = 5.0;
				TARGETED_DEVICE_FAMILY = "1,2";
				TEST_TARGET_NAME = "test (iOS)";
				VALIDATE_PRODUCT = YES;
			};
			name = Release;
		};
		5FA9C1FD25E47CAC00480E95 /* Debug */ = {
			isa = XCBuildConfiguration;
			buildSettings = {
				ALWAYS_EMBED_SWIFT_STANDARD_LIBRARIES = YES;
				CODE_SIGN_STYLE = Automatic;
				COMBINE_HIDPI_IMAGES = YES;
				INFOPLIST_FILE = "Tests macOS/Info.plist";
				LD_RUNPATH_SEARCH_PATHS = (
					"$(inherited)",
					"@executable_path/../Frameworks",
					"@loader_path/../Frameworks",
				);
				MACOSX_DEPLOYMENT_TARGET = 10.15;
				PRODUCT_BUNDLE_IDENTIFIER = "ww.Tests-macOS";
				PRODUCT_NAME = "$(TARGET_NAME)";
				SDKROOT = macosx;
				SWIFT_VERSION = 5.0;
				TEST_TARGET_NAME = "test (macOS)";
			};
			name = Debug;
		};
		5FA9C1FE25E47CAC00480E95 /* Release */ = {
			isa = XCBuildConfiguration;
			buildSettings = {
				ALWAYS_EMBED_SWIFT_STANDARD_LIBRARIES = YES;
				CODE_SIGN_STYLE = Automatic;
				COMBINE_HIDPI_IMAGES = YES;
				INFOPLIST_FILE = "Tests macOS/Info.plist";
				LD_RUNPATH_SEARCH_PATHS = (
					"$(inherited)",
					"@executable_path/../Frameworks",
					"@loader_path/../Frameworks",
				);
				MACOSX_DEPLOYMENT_TARGET = 10.15;
				PRODUCT_BUNDLE_IDENTIFIER = "ww.Tests-macOS";
				PRODUCT_NAME = "$(TARGET_NAME)";
				SDKROOT = macosx;
				SWIFT_VERSION = 5.0;
				TEST_TARGET_NAME = "test (macOS)";
			};
			name = Release;
		};
/* End XCBuildConfiguration section */

/* Begin XCConfigurationList section */
		5FA9C1C025E47CAA00480E95 /* Build configuration list for PBXProject "test" */ = {
			isa = XCConfigurationList;
			buildConfigurations = (
				5FA9C1F125E47CAC00480E95 /* Debug */,
				5FA9C1F225E47CAC00480E95 /* Release */,
			);
			defaultConfigurationIsVisible = 0;
			defaultConfigurationName = Release;
		};
		5FA9C1F325E47CAC00480E95 /* Build configuration list for PBXNativeTarget "test (iOS)" */ = {
			isa = XCConfigurationList;
			buildConfigurations = (
				5FA9C1F425E47CAC00480E95 /* Debug */,
				5FA9C1F525E47CAC00480E95 /* Release */,
			);
			defaultConfigurationIsVisible = 0;
			defaultConfigurationName = Release;
		};
		5FA9C1F625E47CAC00480E95 /* Build configuration list for PBXNativeTarget "test (macOS)" */ = {
			isa = XCConfigurationList;
			buildConfigurations = (
				5FA9C1F725E47CAC00480E95 /* Debug */,
				5FA9C1F825E47CAC00480E95 /* Release */,
			);
			defaultConfigurationIsVisible = 0;
			defaultConfigurationName = Release;
		};
		5FA9C1F925E47CAC00480E95 /* Build configuration list for PBXNativeTarget "Tests iOS" */ = {
			isa = XCConfigurationList;
			buildConfigurations = (
				5FA9C1FA25E47CAC00480E95 /* Debug */,
				5FA9C1FB25E47CAC00480E95 /* Release */,
			);
			defaultConfigurationIsVisible = 0;
			defaultConfigurationName = Release;
		};
		5FA9C1FC25E47CAC00480E95 /* Build configuration list for PBXNativeTarget "Tests macOS" */ = {
			isa = XCConfigurationList;
			buildConfigurations = (
				5FA9C1FD25E47CAC00480E95 /* Debug */,
				5FA9C1FE25E47CAC00480E95 /* Release */,
			);
			defaultConfigurationIsVisible = 0;
			defaultConfigurationName = Release;
		};
/* End XCConfigurationList section */
	};
	rootObject = 5FA9C1BD25E47CA900480E95 /* Project object */;
}
